
Microsoft Visual Studio Solution File, Format Version 12.00
# Visual Studio Version 17
VisualStudioVersion = 17.0.31912.275
MinimumVisualStudioVersion = 10.0.40219.1
Project("{FAE04EC0-301F-11D3-BF4B-00C04F79EFBC}") = "минимальное или максимальное", "минимальное или максимальное\минимальное или максимальное.csproj", "{46B422F0-61E0-4404-9DD8-3AEB5A6B2720}"
EndProject
Global
	GlobalSection(SolutionConfigurationPlatforms) = preSolution
		Debug|Any CPU = Debug|Any CPU
		Release|Any CPU = Release|Any CPU
	EndGlobalSection
	GlobalSection(ProjectConfigurationPlatforms) = postSolution
		{46B422F0-61E0-4404-9DD8-3AEB5A6B2720}.Debug|Any CPU.ActiveCfg = Debug|Any CPU
		{46B422F0-61E0-4404-9DD8-3AEB5A6B2720}.Debug|Any CPU.Build.0 = Debug|Any CPU
		{46B422F0-61E0-4404-9DD8-3AEB5A6B2720}.Release|Any CPU.ActiveCfg = Release|Any CPU
		{46B422F0-61E0-4404-9DD8-3AEB5A6B2720}.Release|Any CPU.Build.0 = Release|Any CPU
	EndGlobalSection
	GlobalSection(SolutionProperties) = preSolution
		HideSolutionNode = FALSE
	EndGlobalSection
	GlobalSection(ExtensibilityGlobals) = postSolution
		SolutionGuid = {1A2AA154-C93B-47BA-9FEE-6541D72524FC}
	EndGlobalSection
EndGlobal
