
Microsoft Visual Studio Solution File, Format Version 12.00
# Visual Studio Version 17
VisualStudioVersion = 17.0.31912.275
MinimumVisualStudioVersion = 10.0.40219.1
Project("{FAE04EC0-301F-11D3-BF4B-00C04F79EFBC}") = "Лаб. массивы упр 2", "Лаб. массивы упр 2\Лаб. массивы упр 2.csproj", "{8C084DEA-55D4-4AA2-B128-3D38FD962F23}"
EndProject
Global
	GlobalSection(SolutionConfigurationPlatforms) = preSolution
		Debug|Any CPU = Debug|Any CPU
		Release|Any CPU = Release|Any CPU
	EndGlobalSection
	GlobalSection(ProjectConfigurationPlatforms) = postSolution
		{8C084DEA-55D4-4AA2-B128-3D38FD962F23}.Debug|Any CPU.ActiveCfg = Debug|Any CPU
		{8C084DEA-55D4-4AA2-B128-3D38FD962F23}.Debug|Any CPU.Build.0 = Debug|Any CPU
		{8C084DEA-55D4-4AA2-B128-3D38FD962F23}.Release|Any CPU.ActiveCfg = Release|Any CPU
		{8C084DEA-55D4-4AA2-B128-3D38FD962F23}.Release|Any CPU.Build.0 = Release|Any CPU
	EndGlobalSection
	GlobalSection(SolutionProperties) = preSolution
		HideSolutionNode = FALSE
	EndGlobalSection
	GlobalSection(ExtensibilityGlobals) = postSolution
		SolutionGuid = {1802EC2C-7DF1-4ADE-96C8-3FC53356DDED}
	EndGlobalSection
EndGlobal
