
Microsoft Visual Studio Solution File, Format Version 12.00
# Visual Studio Version 17
VisualStudioVersion = 17.0.31912.275
MinimumVisualStudioVersion = 10.0.40219.1
Project("{FAE04EC0-301F-11D3-BF4B-00C04F79EFBC}") = "Практич упр 1 задание 3", "Практич упр 1 задание 3\Практич упр 1 задание 3.csproj", "{01D1F59C-3EA8-49C8-9379-1AF9FF216A59}"
EndProject
Global
	GlobalSection(SolutionConfigurationPlatforms) = preSolution
		Debug|Any CPU = Debug|Any CPU
		Release|Any CPU = Release|Any CPU
	EndGlobalSection
	GlobalSection(ProjectConfigurationPlatforms) = postSolution
		{01D1F59C-3EA8-49C8-9379-1AF9FF216A59}.Debug|Any CPU.ActiveCfg = Debug|Any CPU
		{01D1F59C-3EA8-49C8-9379-1AF9FF216A59}.Debug|Any CPU.Build.0 = Debug|Any CPU
		{01D1F59C-3EA8-49C8-9379-1AF9FF216A59}.Release|Any CPU.ActiveCfg = Release|Any CPU
		{01D1F59C-3EA8-49C8-9379-1AF9FF216A59}.Release|Any CPU.Build.0 = Release|Any CPU
	EndGlobalSection
	GlobalSection(SolutionProperties) = preSolution
		HideSolutionNode = FALSE
	EndGlobalSection
	GlobalSection(ExtensibilityGlobals) = postSolution
		SolutionGuid = {5A70B954-D235-44CE-B3B2-82C9563BD8B8}
	EndGlobalSection
EndGlobal
