
Microsoft Visual Studio Solution File, Format Version 12.00
# Visual Studio Version 17
VisualStudioVersion = 17.0.31912.275
MinimumVisualStudioVersion = 10.0.40219.1
Project("{FAE04EC0-301F-11D3-BF4B-00C04F79EFBC}") = "Иерархия классов 1 упр", "Иерархия классов 1 упр\Иерархия классов 1 упр.csproj", "{CB62F5F7-3ED0-49B6-9E5B-A2F7F703E933}"
EndProject
Global
	GlobalSection(SolutionConfigurationPlatforms) = preSolution
		Debug|Any CPU = Debug|Any CPU
		Release|Any CPU = Release|Any CPU
	EndGlobalSection
	GlobalSection(ProjectConfigurationPlatforms) = postSolution
		{CB62F5F7-3ED0-49B6-9E5B-A2F7F703E933}.Debug|Any CPU.ActiveCfg = Debug|Any CPU
		{CB62F5F7-3ED0-49B6-9E5B-A2F7F703E933}.Debug|Any CPU.Build.0 = Debug|Any CPU
		{CB62F5F7-3ED0-49B6-9E5B-A2F7F703E933}.Release|Any CPU.ActiveCfg = Release|Any CPU
		{CB62F5F7-3ED0-49B6-9E5B-A2F7F703E933}.Release|Any CPU.Build.0 = Release|Any CPU
	EndGlobalSection
	GlobalSection(SolutionProperties) = preSolution
		HideSolutionNode = FALSE
	EndGlobalSection
	GlobalSection(ExtensibilityGlobals) = postSolution
		SolutionGuid = {57EDB54C-576E-4457-AF77-EAE62FE3DBE4}
	EndGlobalSection
EndGlobal
